// !$*UTF8*$!
{
	archiveVersion = 1;
	classes = {
	};
	objectVersion = 46;
	objects = {

/* Begin PBXBuildFile section */
		856D83CB1C23E7170006E442 /* AppDelegate.swift in Sources */ = {isa = PBXBuildFile; fileRef = 856D83CA1C23E7170006E442 /* AppDelegate.swift */; };
		856D83CD1C23E7170006E442 /* ViewController.swift in Sources */ = {isa = PBXBuildFile; fileRef = 856D83CC1C23E7170006E442 /* ViewController.swift */; };
		856D83D01C23E7170006E442 /* Main.storyboard in Resources */ = {isa = PBXBuildFile; fileRef = 856D83CE1C23E7170006E442 /* Main.storyboard */; };
		856D83D21C23E7170006E442 /* Assets.xcassets in Resources */ = {isa = PBXBuildFile; fileRef = 856D83D11C23E7170006E442 /* Assets.xcassets */; };
		856D83D51C23E7170006E442 /* LaunchScreen.storyboard in Resources */ = {isa = PBXBuildFile; fileRef = 856D83D31C23E7170006E442 /* LaunchScreen.storyboard */; };
		85AC10BF1C26F39B009BB0FF /* flsetupUITests.swift in Sources */ = {isa = PBXBuildFile; fileRef = 85AC10BE1C26F39B009BB0FF /* flsetupUITests.swift */; };
		85AC10C71C26FE83009BB0FF /* SnapshotHelper.swift in Sources */ = {isa = PBXBuildFile; fileRef = 85AC10C61C26FE83009BB0FF /* SnapshotHelper.swift */; };
/* End PBXBuildFile section */

/* Begin PBXContainerItemProxy section */
		85AC10C11C26F39B009BB0FF /* PBXContainerItemProxy */ = {
			isa = PBXContainerItemProxy;
			containerPortal = 856D83BF1C23E7170006E442 /* Project object */;
			proxyType = 1;
			remoteGlobalIDString = 856D83C61C23E7170006E442;
			remoteInfo = flsetup;
		};
/* End PBXContainerItemProxy section */

/* Begin PBXFileReference section */
		856D83C71C23E7170006E442 /* flsetup.app */ = {isa = PBXFileReference; explicitFileType = wrapper.application; includeInIndex = 0; path = flsetup.app; sourceTree = BUILT_PRODUCTS_DIR; };
		856D83CA1C23E7170006E442 /* AppDelegate.swift */ = {isa = PBXFileReference; lastKnownFileType = sourcecode.swift; path = AppDelegate.swift; sourceTree = "<group>"; };
		856D83CC1C23E7170006E442 /* ViewController.swift */ = {isa = PBXFileReference; lastKnownFileType = sourcecode.swift; path = ViewController.swift; sourceTree = "<group>"; };
		856D83CF1C23E7170006E442 /* Base */ = {isa = PBXFileReference; lastKnownFileType = file.storyboard; name = Base; path = Base.lproj/Main.storyboard; sourceTree = "<group>"; };
		856D83D11C23E7170006E442 /* Assets.xcassets */ = {isa = PBXFileReference; lastKnownFileType = folder.assetcatalog; path = Assets.xcassets; sourceTree = "<group>"; };
		856D83D41C23E7170006E442 /* Base */ = {isa = PBXFileReference; lastKnownFileType = file.storyboard; name = Base; path = Base.lproj/LaunchScreen.storyboard; sourceTree = "<group>"; };
		856D83D61C23E7170006E442 /* Info.plist */ = {isa = PBXFileReference; lastKnownFileType = text.plist.xml; path = Info.plist; sourceTree = "<group>"; };
		85AC10BC1C26F39B009BB0FF /* flsetupUITests.xctest */ = {isa = PBXFileReference; explicitFileType = wrapper.cfbundle; includeInIndex = 0; path = flsetupUITests.xctest; sourceTree = BUILT_PRODUCTS_DIR; };
		85AC10BE1C26F39B009BB0FF /* flsetupUITests.swift */ = {isa = PBXFileReference; lastKnownFileType = sourcecode.swift; path = flsetupUITests.swift; sourceTree = "<group>"; };
		85AC10C01C26F39B009BB0FF /* Info.plist */ = {isa = PBXFileReference; lastKnownFileType = text.plist.xml; path = Info.plist; sourceTree = "<group>"; };
		85AC10C61C26FE83009BB0FF /* SnapshotHelper.swift */ = {isa = PBXFileReference; fileEncoding = 4; lastKnownFileType = sourcecode.swift; path = SnapshotHelper.swift; sourceTree = "<group>"; };
		85D6953F1C2691DB00E77B6C /* de */ = {isa = PBXFileReference; lastKnownFileType = text.plist.strings; name = de; path = de.lproj/Main.strings; sourceTree = "<group>"; };
		85D695401C2691DB00E77B6C /* de */ = {isa = PBXFileReference; lastKnownFileType = text.plist.strings; name = de; path = de.lproj/LaunchScreen.strings; sourceTree = "<group>"; };
/* End PBXFileReference section */

/* Begin PBXFrameworksBuildPhase section */
		856D83C41C23E7170006E442 /* Frameworks */ = {
			isa = PBXFrameworksBuildPhase;
			buildActionMask = 2147483647;
			files = (
			);
			runOnlyForDeploymentPostprocessing = 0;
		};
		85AC10B91C26F39B009BB0FF /* Frameworks */ = {
			isa = PBXFrameworksBuildPhase;
			buildActionMask = 2147483647;
			files = (
			);
			runOnlyForDeploymentPostprocessing = 0;
		};
/* End PBXFrameworksBuildPhase section */

/* Begin PBXGroup section */
		856D83BE1C23E7170006E442 = {
			isa = PBXGroup;
			children = (
				856D83C91C23E7170006E442 /* flsetup */,
				85AC10BD1C26F39B009BB0FF /* flsetupUITests */,
				856D83C81C23E7170006E442 /* Products */,
			);
			sourceTree = "<group>";
		};
		856D83C81C23E7170006E442 /* Products */ = {
			isa = PBXGroup;
			children = (
				856D83C71C23E7170006E442 /* flsetup.app */,
				85AC10BC1C26F39B009BB0FF /* flsetupUITests.xctest */,
			);
			name = Products;
			sourceTree = "<group>";
		};
		856D83C91C23E7170006E442 /* flsetup */ = {
			isa = PBXGroup;
			children = (
				856D83CA1C23E7170006E442 /* AppDelegate.swift */,
				856D83CC1C23E7170006E442 /* ViewController.swift */,
				856D83CE1C23E7170006E442 /* Main.storyboard */,
				856D83D11C23E7170006E442 /* Assets.xcassets */,
				856D83D31C23E7170006E442 /* LaunchScreen.storyboard */,
				856D83D61C23E7170006E442 /* Info.plist */,
			);
			path = flsetup;
			sourceTree = "<group>";
		};
		85AC10BD1C26F39B009BB0FF /* flsetupUITests */ = {
			isa = PBXGroup;
			children = (
				85AC10C61C26FE83009BB0FF /* SnapshotHelper.swift */,
				85AC10BE1C26F39B009BB0FF /* flsetupUITests.swift */,
				85AC10C01C26F39B009BB0FF /* Info.plist */,
			);
			path = flsetupUITests;
			sourceTree = "<group>";
		};
/* End PBXGroup section */

/* Begin PBXNativeTarget section */
		856D83C61C23E7170006E442 /* flsetup */ = {
			isa = PBXNativeTarget;
			buildConfigurationList = 856D83D91C23E7170006E442 /* Build configuration list for PBXNativeTarget "flsetup" */;
			buildPhases = (
				856D83C31C23E7170006E442 /* Sources */,
				856D83C41C23E7170006E442 /* Frameworks */,
				856D83C51C23E7170006E442 /* Resources */,
			);
			buildRules = (
			);
			dependencies = (
			);
			name = flsetup;
			productName = flsetup;
			productReference = 856D83C71C23E7170006E442 /* flsetup.app */;
			productType = "com.apple.product-type.application";
		};
		85AC10BB1C26F39B009BB0FF /* flsetupUITests */ = {
			isa = PBXNativeTarget;
			buildConfigurationList = 85AC10C31C26F39B009BB0FF /* Build configuration list for PBXNativeTarget "flsetupUITests" */;
			buildPhases = (
				85AC10B81C26F39B009BB0FF /* Sources */,
				85AC10B91C26F39B009BB0FF /* Frameworks */,
				85AC10BA1C26F39B009BB0FF /* Resources */,
			);
			buildRules = (
			);
			dependencies = (
				85AC10C21C26F39B009BB0FF /* PBXTargetDependency */,
			);
			name = flsetupUITests;
			productName = flsetupUITests;
			productReference = 85AC10BC1C26F39B009BB0FF /* flsetupUITests.xctest */;
			productType = "com.apple.product-type.bundle.ui-testing";
		};
/* End PBXNativeTarget section */

/* Begin PBXProject section */
		856D83BF1C23E7170006E442 /* Project object */ = {
			isa = PBXProject;
			attributes = {
				LastSwiftUpdateCheck = 0720;
				LastUpgradeCheck = 0720;
				ORGANIZATIONNAME = X8;
				TargetAttributes = {
					856D83C61C23E7170006E442 = {
						CreatedOnToolsVersion = 7.2;
					};
					85AC10BB1C26F39B009BB0FF = {
						CreatedOnToolsVersion = 7.2;
						TestTargetID = 856D83C61C23E7170006E442;
					};
				};
			};
			buildConfigurationList = 856D83C21C23E7170006E442 /* Build configuration list for PBXProject "flsetup" */;
			compatibilityVersion = "Xcode 3.2";
			developmentRegion = English;
			hasScannedForEncodings = 0;
			knownRegions = (
				en,
				Base,
			);
			mainGroup = 856D83BE1C23E7170006E442;
			productRefGroup = 856D83C81C23E7170006E442 /* Products */;
			projectDirPath = "";
			projectRoot = "";
			targets = (
				856D83C61C23E7170006E442 /* flsetup */,
				85AC10BB1C26F39B009BB0FF /* flsetupUITests */,
			);
		};
/* End PBXProject section */

/* Begin PBXResourcesBuildPhase section */
		856D83C51C23E7170006E442 /* Resources */ = {
			isa = PBXResourcesBuildPhase;
			buildActionMask = 2147483647;
			files = (
				856D83D51C23E7170006E442 /* LaunchScreen.storyboard in Resources */,
				856D83D21C23E7170006E442 /* Assets.xcassets in Resources */,
				856D83D01C23E7170006E442 /* Main.storyboard in Resources */,
			);
			runOnlyForDeploymentPostprocessing = 0;
		};
		85AC10BA1C26F39B009BB0FF /* Resources */ = {
			isa = PBXResourcesBuildPhase;
			buildActionMask = 2147483647;
			files = (
			);
			runOnlyForDeploymentPostprocessing = 0;
		};
/* End PBXResourcesBuildPhase section */

/* Begin PBXSourcesBuildPhase section */
		856D83C31C23E7170006E442 /* Sources */ = {
			isa = PBXSourcesBuildPhase;
			buildActionMask = 2147483647;
			files = (
				856D83CD1C23E7170006E442 /* ViewController.swift in Sources */,
				856D83CB1C23E7170006E442 /* AppDelegate.swift in Sources */,
			);
			runOnlyForDeploymentPostprocessing = 0;
		};
		85AC10B81C26F39B009BB0FF /* Sources */ = {
			isa = PBXSourcesBuildPhase;
			buildActionMask = 2147483647;
			files = (
				85AC10BF1C26F39B009BB0FF /* flsetupUITests.swift in Sources */,
				85AC10C71C26FE83009BB0FF /* SnapshotHelper.swift in Sources */,
			);
			runOnlyForDeploymentPostprocessing = 0;
		};
/* End PBXSourcesBuildPhase section */

/* Begin PBXTargetDependency section */
		85AC10C21C26F39B009BB0FF /* PBXTargetDependency */ = {
			isa = PBXTargetDependency;
			target = 856D83C61C23E7170006E442 /* flsetup */;
			targetProxy = 85AC10C11C26F39B009BB0FF /* PBXContainerItemProxy */;
		};
/* End PBXTargetDependency section */

/* Begin PBXVariantGroup section */
		856D83CE1C23E7170006E442 /* Main.storyboard */ = {
			isa = PBXVariantGroup;
			children = (
				856D83CF1C23E7170006E442 /* Base */,
				85D6953F1C2691DB00E77B6C /* de */,
			);
			name = Main.storyboard;
			sourceTree = "<group>";
		};
		856D83D31C23E7170006E442 /* LaunchScreen.storyboard */ = {
			isa = PBXVariantGroup;
			children = (
				856D83D41C23E7170006E442 /* Base */,
				85D695401C2691DB00E77B6C /* de */,
			);
			name = LaunchScreen.storyboard;
			sourceTree = "<group>";
		};
/* End PBXVariantGroup section */

/* Begin XCBuildConfiguration section */
		856D83D71C23E7170006E442 /* Debug */ = {
			isa = XCBuildConfiguration;
			buildSettings = {
				ALWAYS_SEARCH_USER_PATHS = NO;
				CLANG_CXX_LANGUAGE_STANDARD = "gnu++0x";
				CLANG_CXX_LIBRARY = "libc++";
				CLANG_ENABLE_MODULES = YES;
				CLANG_ENABLE_OBJC_ARC = YES;
				CLANG_WARN_BOOL_CONVERSION = YES;
				CLANG_WARN_CONSTANT_CONVERSION = YES;
				CLANG_WARN_DIRECT_OBJC_ISA_USAGE = YES_ERROR;
				CLANG_WARN_EMPTY_BODY = YES;
				CLANG_WARN_ENUM_CONVERSION = YES;
				CLANG_WARN_INT_CONVERSION = YES;
				CLANG_WARN_OBJC_ROOT_CLASS = YES_ERROR;
				CLANG_WARN_UNREACHABLE_CODE = YES;
				CLANG_WARN__DUPLICATE_METHOD_MATCH = YES;
				"CODE_SIGN_IDENTITY[sdk=iphoneos*]" = "iPhone Developer";
				COPY_PHASE_STRIP = NO;
				DEBUG_INFORMATION_FORMAT = dwarf;
				ENABLE_STRICT_OBJC_MSGSEND = YES;
				ENABLE_TESTABILITY = YES;
				GCC_C_LANGUAGE_STANDARD = gnu99;
				GCC_DYNAMIC_NO_PIC = NO;
				GCC_NO_COMMON_BLOCKS = YES;
				GCC_OPTIMIZATION_LEVEL = 0;
				GCC_PREPROCESSOR_DEFINITIONS = (
					"DEBUG=1",
					"$(inherited)",
				);
				GCC_WARN_64_TO_32_BIT_CONVERSION = YES;
				GCC_WARN_ABOUT_RETURN_TYPE = YES_ERROR;
				GCC_WARN_UNDECLARED_SELECTOR = YES;
				GCC_WARN_UNINITIALIZED_AUTOS = YES_AGGRESSIVE;
				GCC_WARN_UNUSED_FUNCTION = YES;
				GCC_WARN_UNUSED_VARIABLE = YES;
				IPHONEOS_DEPLOYMENT_TARGET = 9.2;
				MTL_ENABLE_DEBUG_INFO = YES;
				ONLY_ACTIVE_ARCH = YES;
				SDKROOT = iphoneos;
				SWIFT_OPTIMIZATION_LEVEL = "-Onone";
				TARGETED_DEVICE_FAMILY = "1,2";
			};
			name = Debug;
		};
		856D83D81C23E7170006E442 /* Release */ = {
			isa = XCBuildConfiguration;
			buildSettings = {
				ALWAYS_SEARCH_USER_PATHS = NO;
				CLANG_CXX_LANGUAGE_STANDARD = "gnu++0x";
				CLANG_CXX_LIBRARY = "libc++";
				CLANG_ENABLE_MODULES = YES;
				CLANG_ENABLE_OBJC_ARC = YES;
				CLANG_WARN_BOOL_CONVERSION = YES;
				CLANG_WARN_CONSTANT_CONVERSION = YES;
				CLANG_WARN_DIRECT_OBJC_ISA_USAGE = YES_ERROR;
				CLANG_WARN_EMPTY_BODY = YES;
				CLANG_WARN_ENUM_CONVERSION = YES;
				CLANG_WARN_INT_CONVERSION = YES;
				CLANG_WARN_OBJC_ROOT_CLASS = YES_ERROR;
				CLANG_WARN_UNREACHABLE_CODE = YES;
				CLANG_WARN__DUPLICATE_METHOD_MATCH = YES;
				"CODE_SIGN_IDENTITY[sdk=iphoneos*]" = "iPhone Developer";
				COPY_PHASE_STRIP = NO;
				DEBUG_INFORMATION_FORMAT = "dwarf-with-dsym";
				ENABLE_NS_ASSERTIONS = NO;
				ENABLE_STRICT_OBJC_MSGSEND = YES;
				GCC_C_LANGUAGE_STANDARD = gnu99;
				GCC_NO_COMMON_BLOCKS = YES;
				GCC_WARN_64_TO_32_BIT_CONVERSION = YES;
				GCC_WARN_ABOUT_RETURN_TYPE = YES_ERROR;
				GCC_WARN_UNDECLARED_SELECTOR = YES;
				GCC_WARN_UNINITIALIZED_AUTOS = YES_AGGRESSIVE;
				GCC_WARN_UNUSED_FUNCTION = YES;
				GCC_WARN_UNUSED_VARIABLE = YES;
				IPHONEOS_DEPLOYMENT_TARGET = 9.2;
				MTL_ENABLE_DEBUG_INFO = NO;
				SDKROOT = iphoneos;
				TARGETED_DEVICE_FAMILY = "1,2";
				VALIDATE_PRODUCT = YES;
			};
			name = Release;
		};
		856D83DA1C23E7170006E442 /* Debug */ = {
			isa = XCBuildConfiguration;
			buildSettings = {
				ASSETCATALOG_COMPILER_APPICON_NAME = AppIcon;
				INFOPLIST_FILE = flsetup/Info.plist;
				IPHONEOS_DEPLOYMENT_TARGET = 9.0;
				LD_RUNPATH_SEARCH_PATHS = "$(inherited) @executable_path/Frameworks";
				PRODUCT_BUNDLE_IDENTIFIER = io.x8.flsetup;
				PRODUCT_NAME = "$(TARGET_NAME)";
			};
			name = Debug;
		};
		856D83DB1C23E7170006E442 /* Release */ = {
			isa = XCBuildConfiguration;
			buildSettings = {
				ASSETCATALOG_COMPILER_APPICON_NAME = AppIcon;
				INFOPLIST_FILE = flsetup/Info.plist;
				IPHONEOS_DEPLOYMENT_TARGET = 9.0;
				LD_RUNPATH_SEARCH_PATHS = "$(inherited) @executable_path/Frameworks";
				PRODUCT_BUNDLE_IDENTIFIER = io.x8.flsetup;
				PRODUCT_NAME = "$(TARGET_NAME)";
			};
			name = Release;
		};
		85AC10C41C26F39B009BB0FF /* Debug */ = {
			isa = XCBuildConfiguration;
			buildSettings = {
				INFOPLIST_FILE = flsetupUITests/Info.plist;
				LD_RUNPATH_SEARCH_PATHS = "$(inherited) @executable_path/Frameworks @loader_path/Frameworks";
				PRODUCT_BUNDLE_IDENTIFIER = io.x8.flsetupUITests;
				PRODUCT_NAME = "$(TARGET_NAME)";
				TEST_TARGET_NAME = flsetup;
				USES_XCTRUNNER = YES;
			};
			name = Debug;
		};
		85AC10C51C26F39B009BB0FF /* Release */ = {
			isa = XCBuildConfiguration;
			buildSettings = {
				INFOPLIST_FILE = flsetupUITests/Info.plist;
				LD_RUNPATH_SEARCH_PATHS = "$(inherited) @executable_path/Frameworks @loader_path/Frameworks";
				PRODUCT_BUNDLE_IDENTIFIER = io.x8.flsetupUITests;
				PRODUCT_NAME = "$(TARGET_NAME)";
				TEST_TARGET_NAME = flsetup;
				USES_XCTRUNNER = YES;
			};
			name = Release;
		};
/* End XCBuildConfiguration section */

/* Begin XCConfigurationList section */
		856D83C21C23E7170006E442 /* Build configuration list for PBXProject "flsetup" */ = {
			isa = XCConfigurationList;
			buildConfigurations = (
				856D83D71C23E7170006E442 /* Debug */,
				856D83D81C23E7170006E442 /* Release */,
			);
			defaultConfigurationIsVisible = 0;
			defaultConfigurationName = Release;
		};
		856D83D91C23E7170006E442 /* Build configuration list for PBXNativeTarget "flsetup" */ = {
			isa = XCConfigurationList;
			buildConfigurations = (
				856D83DA1C23E7170006E442 /* Debug */,
				856D83DB1C23E7170006E442 /* Release */,
			);
			defaultConfigurationIsVisible = 0;
			defaultConfigurationName = Release;
		};
		85AC10C31C26F39B009BB0FF /* Build configuration list for PBXNativeTarget "flsetupUITests" */ = {
			isa = XCConfigurationList;
			buildConfigurations = (
				85AC10C41C26F39B009BB0FF /* Debug */,
				85AC10C51C26F39B009BB0FF /* Release */,
			);
			defaultConfigurationIsVisible = 0;
		};
/* End XCConfigurationList section */
	};
	rootObject = 856D83BF1C23E7170006E442 /* Project object */;
}
